
Microsoft Visual Studio Solution File, Format Version 12.00
Project("{FAE04EC0-301F-11D3-BF4B-00C04F79EFBC}") = "Orders.Api", "Orders.Api\Orders.Api.csproj", "{6B63E32B-7281-4F4C-B19F-AB1FB1BEF893}"
EndProject
Global
	GlobalSection(SolutionConfigurationPlatforms) = preSolution
		Debug|Any CPU = Debug|Any CPU
		Release|Any CPU = Release|Any CPU
	EndGlobalSection
	GlobalSection(ProjectConfigurationPlatforms) = postSolution
		{6B63E32B-7281-4F4C-B19F-AB1FB1BEF893}.Debug|Any CPU.ActiveCfg = Debug|Any CPU
		{6B63E32B-7281-4F4C-B19F-AB1FB1BEF893}.Debug|Any CPU.Build.0 = Debug|Any CPU
		{6B63E32B-7281-4F4C-B19F-AB1FB1BEF893}.Release|Any CPU.ActiveCfg = Release|Any CPU
		{6B63E32B-7281-4F4C-B19F-AB1FB1BEF893}.Release|Any CPU.Build.0 = Release|Any CPU
	EndGlobalSection
EndGlobal
