
Microsoft Visual Studio Solution File, Format Version 12.00
Project("{FAE04EC0-301F-11D3-BF4B-00C04F79EFBC}") = "Orders.Api", "Orders\Orders.Api\Orders.Api.csproj", "{6B63E32B-7281-4F4C-B19F-AB1FB1BEF893}"
EndProject
Project("{FAE04EC0-301F-11D3-BF4B-00C04F79EFBC}") = "Orders.Domain", "Orders\Orders.Domain\Orders.Domain.csproj", "{EBD16933-CE52-418B-B58C-0A36208D1027}"
EndProject
Project("{FAE04EC0-301F-11D3-BF4B-00C04F79EFBC}") = "Orders.Infrastructure", "Orders\Orders.Infrastructure\Orders.Infrastructure.csproj", "{A5CA46A9-173A-4D89-9827-4F3D6E06E643}"
EndProject
Project("{FAE04EC0-301F-11D3-BF4B-00C04F79EFBC}") = "Orders.UnitTests", "Orders\Orders.UnitTests\Orders.UnitTests.csproj", "{A6E83295-95DA-44C9-8A29-37D7740D0FF2}"
EndProject
Project("{FAE04EC0-301F-11D3-BF4B-00C04F79EFBC}") = "Orders.Application", "Orders\Orders.Application\Orders.Application.csproj", "{E1DC0CE4-3311-4C8A-AE8E-BEA9B6720206}"
EndProject
Project("{2150E333-8FDC-42A3-9474-1A3956D46DE8}") = "Orders", "Orders", "{D9010980-F2D9-45A7-87D0-90E282FA5338}"
EndProject
Project("{2150E333-8FDC-42A3-9474-1A3956D46DE8}") = "Sellers", "Sellers", "{A8F86964-B9DB-4C0D-A097-65265B4885A8}"
EndProject
Project("{FAE04EC0-301F-11D3-BF4B-00C04F79EFBC}") = "Sellers.Api", "Sellers\Sellers.Api\Sellers.Api.csproj", "{7D5FE357-7579-48DC-9C6A-5149F5C490DC}"
EndProject
Project("{FAE04EC0-301F-11D3-BF4B-00C04F79EFBC}") = "Sellers.UnitTests", "Sellers\Sellers.UnitTests\Sellers.UnitTests.csproj", "{CAA31F02-5337-4A5D-A0C3-410AD0363641}"
EndProject
Project("{FAE04EC0-301F-11D3-BF4B-00C04F79EFBC}") = "Sellers.Testing", "Sellers\Sellers.Testing\Sellers.Testing.csproj", "{6CDCBB40-C89E-43A2-9F1E-5FC8BA9F0BFC}"
EndProject
Project("{FAE04EC0-301F-11D3-BF4B-00C04F79EFBC}") = "Sellers.Contracts", "Sellers\Sellers.Contracts\Sellers.Contracts.csproj", "{0DDD012A-CEB0-45E8-B0F7-4B836DA4494C}"
EndProject
Project("{FAE04EC0-301F-11D3-BF4B-00C04F79EFBC}") = "Sellers.DomainModel", "Sellers\Sellers.DomainModel\Sellers.DomainModel.csproj", "{807C9FBC-4080-4A3B-A5BB-E4224A586509}"
EndProject
Project("{FAE04EC0-301F-11D3-BF4B-00C04F79EFBC}") = "Sellers.Sql", "Sellers\Sellers.Sql\Sellers.Sql.csproj", "{6C821FA6-2ECA-4916-BF2A-5E3024BE809A}"
EndProject
Global
	GlobalSection(SolutionConfigurationPlatforms) = preSolution
		Debug|Any CPU = Debug|Any CPU
		Release|Any CPU = Release|Any CPU
	EndGlobalSection
	GlobalSection(ProjectConfigurationPlatforms) = postSolution
		{6B63E32B-7281-4F4C-B19F-AB1FB1BEF893}.Debug|Any CPU.ActiveCfg = Debug|Any CPU
		{6B63E32B-7281-4F4C-B19F-AB1FB1BEF893}.Debug|Any CPU.Build.0 = Debug|Any CPU
		{6B63E32B-7281-4F4C-B19F-AB1FB1BEF893}.Release|Any CPU.ActiveCfg = Release|Any CPU
		{6B63E32B-7281-4F4C-B19F-AB1FB1BEF893}.Release|Any CPU.Build.0 = Release|Any CPU
		{EBD16933-CE52-418B-B58C-0A36208D1027}.Debug|Any CPU.ActiveCfg = Debug|Any CPU
		{EBD16933-CE52-418B-B58C-0A36208D1027}.Debug|Any CPU.Build.0 = Debug|Any CPU
		{EBD16933-CE52-418B-B58C-0A36208D1027}.Release|Any CPU.ActiveCfg = Release|Any CPU
		{EBD16933-CE52-418B-B58C-0A36208D1027}.Release|Any CPU.Build.0 = Release|Any CPU
		{A5CA46A9-173A-4D89-9827-4F3D6E06E643}.Debug|Any CPU.ActiveCfg = Debug|Any CPU
		{A5CA46A9-173A-4D89-9827-4F3D6E06E643}.Debug|Any CPU.Build.0 = Debug|Any CPU
		{A5CA46A9-173A-4D89-9827-4F3D6E06E643}.Release|Any CPU.ActiveCfg = Release|Any CPU
		{A5CA46A9-173A-4D89-9827-4F3D6E06E643}.Release|Any CPU.Build.0 = Release|Any CPU
		{A6E83295-95DA-44C9-8A29-37D7740D0FF2}.Debug|Any CPU.ActiveCfg = Debug|Any CPU
		{A6E83295-95DA-44C9-8A29-37D7740D0FF2}.Debug|Any CPU.Build.0 = Debug|Any CPU
		{A6E83295-95DA-44C9-8A29-37D7740D0FF2}.Release|Any CPU.ActiveCfg = Release|Any CPU
		{A6E83295-95DA-44C9-8A29-37D7740D0FF2}.Release|Any CPU.Build.0 = Release|Any CPU
		{E1DC0CE4-3311-4C8A-AE8E-BEA9B6720206}.Debug|Any CPU.ActiveCfg = Debug|Any CPU
		{E1DC0CE4-3311-4C8A-AE8E-BEA9B6720206}.Debug|Any CPU.Build.0 = Debug|Any CPU
		{E1DC0CE4-3311-4C8A-AE8E-BEA9B6720206}.Release|Any CPU.ActiveCfg = Release|Any CPU
		{E1DC0CE4-3311-4C8A-AE8E-BEA9B6720206}.Release|Any CPU.Build.0 = Release|Any CPU
		{7D5FE357-7579-48DC-9C6A-5149F5C490DC}.Debug|Any CPU.ActiveCfg = Debug|Any CPU
		{7D5FE357-7579-48DC-9C6A-5149F5C490DC}.Debug|Any CPU.Build.0 = Debug|Any CPU
		{7D5FE357-7579-48DC-9C6A-5149F5C490DC}.Release|Any CPU.ActiveCfg = Release|Any CPU
		{7D5FE357-7579-48DC-9C6A-5149F5C490DC}.Release|Any CPU.Build.0 = Release|Any CPU
		{CAA31F02-5337-4A5D-A0C3-410AD0363641}.Debug|Any CPU.ActiveCfg = Debug|Any CPU
		{CAA31F02-5337-4A5D-A0C3-410AD0363641}.Debug|Any CPU.Build.0 = Debug|Any CPU
		{CAA31F02-5337-4A5D-A0C3-410AD0363641}.Release|Any CPU.ActiveCfg = Release|Any CPU
		{CAA31F02-5337-4A5D-A0C3-410AD0363641}.Release|Any CPU.Build.0 = Release|Any CPU
		{6CDCBB40-C89E-43A2-9F1E-5FC8BA9F0BFC}.Debug|Any CPU.ActiveCfg = Debug|Any CPU
		{6CDCBB40-C89E-43A2-9F1E-5FC8BA9F0BFC}.Debug|Any CPU.Build.0 = Debug|Any CPU
		{6CDCBB40-C89E-43A2-9F1E-5FC8BA9F0BFC}.Release|Any CPU.ActiveCfg = Release|Any CPU
		{6CDCBB40-C89E-43A2-9F1E-5FC8BA9F0BFC}.Release|Any CPU.Build.0 = Release|Any CPU
		{0DDD012A-CEB0-45E8-B0F7-4B836DA4494C}.Debug|Any CPU.ActiveCfg = Debug|Any CPU
		{0DDD012A-CEB0-45E8-B0F7-4B836DA4494C}.Debug|Any CPU.Build.0 = Debug|Any CPU
		{0DDD012A-CEB0-45E8-B0F7-4B836DA4494C}.Release|Any CPU.ActiveCfg = Release|Any CPU
		{0DDD012A-CEB0-45E8-B0F7-4B836DA4494C}.Release|Any CPU.Build.0 = Release|Any CPU
		{807C9FBC-4080-4A3B-A5BB-E4224A586509}.Debug|Any CPU.ActiveCfg = Debug|Any CPU
		{807C9FBC-4080-4A3B-A5BB-E4224A586509}.Debug|Any CPU.Build.0 = Debug|Any CPU
		{807C9FBC-4080-4A3B-A5BB-E4224A586509}.Release|Any CPU.ActiveCfg = Release|Any CPU
		{807C9FBC-4080-4A3B-A5BB-E4224A586509}.Release|Any CPU.Build.0 = Release|Any CPU
		{6C821FA6-2ECA-4916-BF2A-5E3024BE809A}.Debug|Any CPU.ActiveCfg = Debug|Any CPU
		{6C821FA6-2ECA-4916-BF2A-5E3024BE809A}.Debug|Any CPU.Build.0 = Debug|Any CPU
		{6C821FA6-2ECA-4916-BF2A-5E3024BE809A}.Release|Any CPU.ActiveCfg = Release|Any CPU
		{6C821FA6-2ECA-4916-BF2A-5E3024BE809A}.Release|Any CPU.Build.0 = Release|Any CPU
	EndGlobalSection
	GlobalSection(NestedProjects) = preSolution
		{6B63E32B-7281-4F4C-B19F-AB1FB1BEF893} = {D9010980-F2D9-45A7-87D0-90E282FA5338}
		{E1DC0CE4-3311-4C8A-AE8E-BEA9B6720206} = {D9010980-F2D9-45A7-87D0-90E282FA5338}
		{EBD16933-CE52-418B-B58C-0A36208D1027} = {D9010980-F2D9-45A7-87D0-90E282FA5338}
		{A5CA46A9-173A-4D89-9827-4F3D6E06E643} = {D9010980-F2D9-45A7-87D0-90E282FA5338}
		{A6E83295-95DA-44C9-8A29-37D7740D0FF2} = {D9010980-F2D9-45A7-87D0-90E282FA5338}
		{7D5FE357-7579-48DC-9C6A-5149F5C490DC} = {A8F86964-B9DB-4C0D-A097-65265B4885A8}
		{CAA31F02-5337-4A5D-A0C3-410AD0363641} = {A8F86964-B9DB-4C0D-A097-65265B4885A8}
		{6CDCBB40-C89E-43A2-9F1E-5FC8BA9F0BFC} = {A8F86964-B9DB-4C0D-A097-65265B4885A8}
		{0DDD012A-CEB0-45E8-B0F7-4B836DA4494C} = {A8F86964-B9DB-4C0D-A097-65265B4885A8}
		{807C9FBC-4080-4A3B-A5BB-E4224A586509} = {A8F86964-B9DB-4C0D-A097-65265B4885A8}
		{6C821FA6-2ECA-4916-BF2A-5E3024BE809A} = {A8F86964-B9DB-4C0D-A097-65265B4885A8}
	EndGlobalSection
EndGlobal
